
Microsoft Visual Studio Solution File, Format Version 9.00
# Visual Studio 2005
Project("{FAE04EC0-301F-11D3-BF4B-00C04F79EFBC}") = "CNPM", "CNPM\CNPM.csproj", "{CDBD4AFE-B214-49D9-965F-8E358CC6B54D}"
EndProject
Global
	GlobalSection(SolutionConfigurationPlatforms) = preSolution
		Debug|Any CPU = Debug|Any CPU
		Release|Any CPU = Release|Any CPU
	EndGlobalSection
	GlobalSection(ProjectConfigurationPlatforms) = postSolution
		{CDBD4AFE-B214-49D9-965F-8E358CC6B54D}.Debug|Any CPU.ActiveCfg = Debug|Any CPU
		{CDBD4AFE-B214-49D9-965F-8E358CC6B54D}.Debug|Any CPU.Build.0 = Debug|Any CPU
		{CDBD4AFE-B214-49D9-965F-8E358CC6B54D}.Release|Any CPU.ActiveCfg = Release|Any CPU
		{CDBD4AFE-B214-49D9-965F-8E358CC6B54D}.Release|Any CPU.Build.0 = Release|Any CPU
	EndGlobalSection
	GlobalSection(SolutionProperties) = preSolution
		HideSolutionNode = FALSE
	EndGlobalSection
EndGlobal
